schema: '2.0'
stages:
  data_ingestion:
    cmd: python src/data_ingestion.py
    deps:
    - path: src/data_ingestion.py
      hash: md5
      md5: 762de8a09b780a35bb0715d9a0cf42d3
      size: 3475
    params:
      params.yaml:
        data_ingestion.test_size: 0.3
    outs:
    - path: data/raw
      hash: md5
      md5: d26befd2dda9438254177d9000d9ba1f.dir
      size: 484846
      nfiles: 2
  data_preprocessing:
    cmd: python src/data_preprocessing.py
    deps:
    - path: data/raw
      hash: md5
      md5: d26befd2dda9438254177d9000d9ba1f.dir
      size: 484846
      nfiles: 2
    - path: src/data_preprocessing.py
      hash: md5
      md5: bc7baaa7db274055f8c4b9b509eb7c50
      size: 3976
    outs:
    - path: data/interim
      hash: md5
      md5: b564fcd9a5e7f692bc397d44a9a420ed.dir
      size: 281489
      nfiles: 2
  feature_engineering:
    cmd: python src/feature_engineering.py
    deps:
    - path: data/interim
      hash: md5
      md5: b564fcd9a5e7f692bc397d44a9a420ed.dir
      size: 281489
      nfiles: 2
    - path: src/feature_engineering.py
      hash: md5
      md5: cde22a2cc998a7c58392afbc23988cff
      size: 3906
    params:
      params.yaml:
        feature_engineering.max_features: 200
    outs:
    - path: data/processed
      hash: md5
      md5: 0b2d5935c8c99964c61968a41a146cb2.dir
      size: 1175826
      nfiles: 2
  model_building:
    cmd: python src/model_building.py
    deps:
    - path: data/processed
      hash: md5
      md5: 0b2d5935c8c99964c61968a41a146cb2.dir
      size: 1175826
      nfiles: 2
    - path: src/feature_engineering.py
      hash: md5
      md5: cde22a2cc998a7c58392afbc23988cff
      size: 3906
    params:
      params.yaml:
        model_building.n_estimators: 29
        model_building.random_state: 2
    outs:
    - path: models/model.pkl
      hash: md5
      md5: 36d5ade486859473e9f126660c5b7c03
      size: 988181
  model_evaluation:
    cmd: python src/model_evaluation.py
    deps:
    - path: models/model.pkl
      hash: md5
      md5: 36d5ade486859473e9f126660c5b7c03
      size: 988181
    - path: src/model_evaluation.py
      hash: md5
      md5: ea5171fdfad58d17b4aa5f023eb24053
      size: 5009
    outs:
    - path: reports/metrics.json
      hash: md5
      md5: 9a2581d31875db0556469e9a2c2b04fe
      size: 145
